
Microsoft Visual Studio Solution File, Format Version 12.00
# Visual Studio 15
VisualStudioVersion = 15.0.27906.1
MinimumVisualStudioVersion = 10.0.40219.1
Project("{FAE04EC0-301F-11D3-BF4B-00C04F79EFBC}") = "Csharp_Group_Assignment", "Csharp_Group_Assignment\Csharp_Group_Assignment.csproj", "{D311A640-CC7D-4480-8E9F-B2CCC0E450DB}"
EndProject
Global
	GlobalSection(SolutionConfigurationPlatforms) = preSolution
		Debug|Any CPU = Debug|Any CPU
		Release|Any CPU = Release|Any CPU
	EndGlobalSection
	GlobalSection(ProjectConfigurationPlatforms) = postSolution
		{D311A640-CC7D-4480-8E9F-B2CCC0E450DB}.Debug|Any CPU.ActiveCfg = Debug|Any CPU
		{D311A640-CC7D-4480-8E9F-B2CCC0E450DB}.Debug|Any CPU.Build.0 = Debug|Any CPU
		{D311A640-CC7D-4480-8E9F-B2CCC0E450DB}.Release|Any CPU.ActiveCfg = Release|Any CPU
		{D311A640-CC7D-4480-8E9F-B2CCC0E450DB}.Release|Any CPU.Build.0 = Release|Any CPU
	EndGlobalSection
	GlobalSection(SolutionProperties) = preSolution
		HideSolutionNode = FALSE
	EndGlobalSection
	GlobalSection(ExtensibilityGlobals) = postSolution
		SolutionGuid = {BE4B4A18-D1FE-48FD-8E00-501F41E8C1B2}
	EndGlobalSection
EndGlobal
